github.com/extism/go-pdk v1.1.1 h1:c8twD4RXAgh5Q3bgQ4srBLnVJ1OJK1ZlKhD/0P/pbxA=
github.com/extism/go-pdk v1.1.1/go.mod h1:Gz+LIU/YCKnKXhgge8yo5Yu1F/lbv7KtKFkiCSzW/P4=
github.com/extism/go-pdk v1.1.3 h1:hfViMPWrqjN6u67cIYRALZTZLk/enSPpNKa+rZ9X2SQ=
github.com/extism/go-pdk v1.1.3/go.mod h1:Gz+LIU/YCKnKXhgge8yo5Yu1F/lbv7KtKFkiCSzW/P4=
golang.org/x/exp v0.0.0-20250218142911-aa4b98e5adaa h1:t2QcU6V556bFjYgu4L6C+6VrCPyJZ+eyRsABUPs1mz4=
golang.org/x/exp v0.0.0-20250218142911-aa4b98e5adaa/go.mod h1:BHOTPb3L19zxehTsLoJXVaTktb06DFgmdW6Wb9s8jqk=
golang.org/x/exp v0.0.0-20250305212735-054e65f0b394 h1:nDVHiLt8aIbd/VzvPWN6kSOPE7+F/fNFDSXLVYkE/Iw=
golang.org/x/exp v0.0.0-20250305212735-054e65f0b394/go.mod h1:sIifuuw/Yco/y6yb6+bDNfyeQ/MdPUy/hKEMYQV17cM=
